{
  "originHash" : "d2858257751858238b1a7a36c94ce0595eee8d276ee3b4d5af742c9cd21e8b5f",
  "pins" : [
    {
      "identity" : "async-http-client",
      "kind" : "remoteSourceControl",
      "location" : "https://github.com/swift-server/async-http-client",
      "state" : {
        "revision" : "60235983163d040f343a489f7e2e77c1918a8bd9",
        "version" : "1.26.1"
      }
    },
    {
      "identity" : "async-kit",
      "kind" : "remoteSourceControl",
      "location" : "https://github.com/vapor/async-kit.git",
      "state" : {
        "revision" : "e048c8ee94967e8d8a1c2ec0e1156d6f7fa34d31",
        "version" : "1.20.0"
      }
    },
    {
      "identity" : "coenttb-authentication",
      "kind" : "remoteSourceControl",
      "location" : "https://github.com/coenttb/coenttb-authentication",
      "state" : {
        "branch" : "main",
        "revision" : "786c361c6145075472568f8e5c315dd5c2fc4119"
      }
    },
    {
      "identity" : "coenttb-html",
      "kind" : "remoteSourceControl",
      "location" : "https://github.com/coenttb/coenttb-html",
      "state" : {
        "branch" : "main",
        "revision" : "8425032f5d4814d17ba82b0c7c7a04a23a0777a5"
      }
    },
    {
      "identity" : "coenttb-server",
      "kind" : "remoteSourceControl",
      "location" : "https://github.com/coenttb/coenttb-server",
      "state" : {
        "branch" : "main",
        "revision" : "21b598305e1770d4e83cc6ec84bdc55f471b58a5"
      }
    },
    {
      "identity" : "coenttb-web",
      "kind" : "remoteSourceControl",
      "location" : "https://github.com/coenttb/coenttb-web",
      "state" : {
        "branch" : "main",
        "revision" : "630b740293924dc6cd58180e1c092af45a573588"
      }
    },
    {
      "identity" : "combine-schedulers",
      "kind" : "remoteSourceControl",
      "location" : "https://github.com/pointfreeco/combine-schedulers",
      "state" : {
        "revision" : "5928286acce13def418ec36d05a001a9641086f2",
        "version" : "1.0.3"
      }
    },
    {
      "identity" : "pointfree-html",
      "kind" : "remoteSourceControl",
      "location" : "https://github.com/coenttb/pointfree-html.git",
      "state" : {
        "revision" : "0867cb15127d9db0fe54e53d5a47fb5438d84710",
        "version" : "2.0.0"
      }
    },
    {
      "identity" : "pointfree-html-to-pdf",
      "kind" : "remoteSourceControl",
      "location" : "https://github.com/coenttb/pointfree-html-to-pdf.git",
      "state" : {
        "revision" : "c496007fea2c032b5e4c93377879e548e109949a",
        "version" : "0.0.1"
      }
    },
    {
      "identity" : "pointfree-url-form-coding",
      "kind" : "remoteSourceControl",
      "location" : "https://github.com/coenttb/pointfree-url-form-coding.git",
      "state" : {
        "revision" : "20c06173a90ff7a90e20d9f216b99632b68031ca",
        "version" : "0.0.1"
      }
    },
    {
      "identity" : "postgres-kit",
      "kind" : "remoteSourceControl",
      "location" : "https://github.com/vapor/postgres-kit",
      "state" : {
        "revision" : "f4d4b9e8db9a907644d67d6a7ecb5f0314eec1ad",
        "version" : "2.14.0"
      }
    },
    {
      "identity" : "postgres-nio",
      "kind" : "remoteSourceControl",
      "location" : "https://github.com/vapor/postgres-nio.git",
      "state" : {
        "revision" : "ccb25dcc428587224633a79c0ce0430eeac3dc0f",
        "version" : "1.26.2"
      }
    },
    {
      "identity" : "sql-kit",
      "kind" : "remoteSourceControl",
      "location" : "https://github.com/vapor/sql-kit.git",
      "state" : {
        "revision" : "0169d063f6eb9f384a85c5ccc881fe2b32de53f1",
        "version" : "3.33.1"
      }
    },
    {
      "identity" : "swift-algorithms",
      "kind" : "remoteSourceControl",
      "location" : "https://github.com/apple/swift-algorithms.git",
      "state" : {
        "revision" : "87e50f483c54e6efd60e885f7f5aa946cee68023",
        "version" : "1.2.1"
      }
    },
    {
      "identity" : "swift-asn1",
      "kind" : "remoteSourceControl",
      "location" : "https://github.com/apple/swift-asn1.git",
      "state" : {
        "revision" : "f70225981241859eb4aa1a18a75531d26637c8cc",
        "version" : "1.4.0"
      }
    },
    {
      "identity" : "swift-async-algorithms",
      "kind" : "remoteSourceControl",
      "location" : "https://github.com/apple/swift-async-algorithms.git",
      "state" : {
        "revision" : "042e1c4d9d19748c9c228f8d4ebc97bb1e339b0b",
        "version" : "1.0.4"
      }
    },
    {
      "identity" : "swift-atomics",
      "kind" : "remoteSourceControl",
      "location" : "https://github.com/apple/swift-atomics.git",
      "state" : {
        "revision" : "b601256eab081c0f92f059e12818ac1d4f178ff7",
        "version" : "1.3.0"
      }
    },
    {
      "identity" : "swift-authentication",
      "kind" : "remoteSourceControl",
      "location" : "https://github.com/coenttb/swift-authentication",
      "state" : {
        "branch" : "main",
        "revision" : "5fbfd78d7613bd55a1f4d0e9f8114241b5a54436"
      }
    },
    {
      "identity" : "swift-bounded-cache",
      "kind" : "remoteSourceControl",
      "location" : "https://github.com/coenttb/swift-bounded-cache",
      "state" : {
        "revision" : "f92b24d177506ae3f3c8a545bbabc380e1232ca6",
        "version" : "0.0.1"
      }
    },
    {
      "identity" : "swift-builders",
      "kind" : "remoteSourceControl",
      "location" : "https://github.com/coenttb/swift-builders",
      "state" : {
        "revision" : "d9df6fa20e2ae7d9467baf9d19daa5b6d25d0644",
        "version" : "0.1.0"
      }
    },
    {
      "identity" : "swift-case-paths",
      "kind" : "remoteSourceControl",
      "location" : "https://github.com/pointfreeco/swift-case-paths",
      "state" : {
        "revision" : "9810c8d6c2914de251e072312f01d3bf80071852",
        "version" : "1.7.1"
      }
    },
    {
      "identity" : "swift-certificates",
      "kind" : "remoteSourceControl",
      "location" : "https://github.com/apple/swift-certificates.git",
      "state" : {
        "revision" : "870f4d5fe5fcfedc13f25d70e103150511746404",
        "version" : "1.11.0"
      }
    },
    {
      "identity" : "swift-clocks",
      "kind" : "remoteSourceControl",
      "location" : "https://github.com/pointfreeco/swift-clocks",
      "state" : {
        "revision" : "cc46202b53476d64e824e0b6612da09d84ffde8e",
        "version" : "1.0.6"
      }
    },
    {
      "identity" : "swift-cmark",
      "kind" : "remoteSourceControl",
      "location" : "https://github.com/swiftlang/swift-cmark.git",
      "state" : {
        "revision" : "b022b08312decdc46585e0b3440d97f6f22ef703",
        "version" : "0.6.0"
      }
    },
    {
      "identity" : "swift-collections",
      "kind" : "remoteSourceControl",
      "location" : "https://github.com/apple/swift-collections.git",
      "state" : {
        "revision" : "8c0c0a8b49e080e54e5e328cc552821ff07cd341",
        "version" : "1.2.1"
      }
    },
    {
      "identity" : "swift-concurrency-extras",
      "kind" : "remoteSourceControl",
      "location" : "https://github.com/pointfreeco/swift-concurrency-extras",
      "state" : {
        "revision" : "82a4ae7170d98d8538ec77238b7eb8e7199ef2e8",
        "version" : "1.3.1"
      }
    },
    {
      "identity" : "swift-crypto",
      "kind" : "remoteSourceControl",
      "location" : "https://github.com/apple/swift-crypto",
      "state" : {
        "revision" : "176abc28e002a9952470f08745cd26fad9286776",
        "version" : "3.13.3"
      }
    },
    {
      "identity" : "swift-css-types",
      "kind" : "remoteSourceControl",
      "location" : "https://github.com/coenttb/swift-css-types.git",
      "state" : {
        "revision" : "be78ecea36f036ab165cbf7b1134b3fb7bcf036b",
        "version" : "0.1.0"
      }
    },
    {
      "identity" : "swift-custom-dump",
      "kind" : "remoteSourceControl",
      "location" : "https://github.com/pointfreeco/swift-custom-dump",
      "state" : {
        "revision" : "82645ec760917961cfa08c9c0c7104a57a0fa4b1",
        "version" : "1.3.3"
      }
    },
    {
      "identity" : "swift-date-parsing",
      "kind" : "remoteSourceControl",
      "location" : "https://github.com/coenttb/swift-date-parsing",
      "state" : {
        "revision" : "ba6ae4655dc3d4867acc405342ee53d347738dcd",
        "version" : "0.1.0"
      }
    },
    {
      "identity" : "swift-dependencies",
      "kind" : "remoteSourceControl",
      "location" : "https://github.com/pointfreeco/swift-dependencies",
      "state" : {
        "revision" : "eefcdaa88d2e2fd82e3405dfb6eb45872011a0b5",
        "version" : "1.9.3"
      }
    },
    {
      "identity" : "swift-domain-type",
      "kind" : "remoteSourceControl",
      "location" : "https://github.com/coenttb/swift-domain-type",
      "state" : {
        "revision" : "8717b1938bcda8be8dbfff2ce2bee64613b065ee",
        "version" : "0.0.1"
      }
    },
    {
      "identity" : "swift-emailaddress-type",
      "kind" : "remoteSourceControl",
      "location" : "https://github.com/coenttb/swift-emailaddress-type",
      "state" : {
        "revision" : "132c22471b012fe512cb3ad26c5ff0074a4bfd3d",
        "version" : "0.1.0"
      }
    },
    {
      "identity" : "swift-environment-variables",
      "kind" : "remoteSourceControl",
      "location" : "https://github.com/coenttb/swift-environment-variables",
      "state" : {
        "revision" : "68ebbde5e665b2038a7271ca00b7eaff4791be40",
        "version" : "0.0.1"
      }
    },
    {
      "identity" : "swift-foundation-extensions",
      "kind" : "remoteSourceControl",
      "location" : "https://github.com/coenttb/swift-foundation-extensions",
      "state" : {
        "revision" : "878151aba1aba0ef24c0767d814c8b3908fee41c",
        "version" : "0.1.0"
      }
    },
    {
      "identity" : "swift-html",
      "kind" : "remoteSourceControl",
      "location" : "https://github.com/coenttb/swift-html.git",
      "state" : {
        "branch" : "main",
        "revision" : "cefb7623d21e4678a5ba236e59f4ff8f109cb338"
      }
    },
    {
      "identity" : "swift-html-css-pointfree",
      "kind" : "remoteSourceControl",
      "location" : "https://github.com/coenttb/swift-html-css-pointfree",
      "state" : {
        "revision" : "925b36fa89e8247f7b01240905930886c46dd32f",
        "version" : "0.0.1"
      }
    },
    {
      "identity" : "swift-html-to-pdf",
      "kind" : "remoteSourceControl",
      "location" : "https://github.com/coenttb/swift-html-to-pdf.git",
      "state" : {
        "revision" : "445d920c28b4b62d3208763511794253fd7c9e15",
        "version" : "0.4.0"
      }
    },
    {
      "identity" : "swift-html-types",
      "kind" : "remoteSourceControl",
      "location" : "https://github.com/coenttb/swift-html-types",
      "state" : {
        "revision" : "c0e7f642573eef0e06006ef16b53ad7a0c7010c6",
        "version" : "0.1.0"
      }
    },
    {
      "identity" : "swift-http-structured-headers",
      "kind" : "remoteSourceControl",
      "location" : "https://github.com/apple/swift-http-structured-headers.git",
      "state" : {
        "revision" : "db6eea3692638a65e2124990155cd220c2915903",
        "version" : "1.3.0"
      }
    },
    {
      "identity" : "swift-http-types",
      "kind" : "remoteSourceControl",
      "location" : "https://github.com/apple/swift-http-types.git",
      "state" : {
        "revision" : "a0a57e949a8903563aba4615869310c0ebf14c03",
        "version" : "1.4.0"
      }
    },
    {
      "identity" : "swift-jwt",
      "kind" : "remoteSourceControl",
      "location" : "https://github.com/coenttb/swift-jwt",
      "state" : {
        "revision" : "ae4c4c3542f34a1ba6ec3832d37aef81316405de",
        "version" : "0.0.1"
      }
    },
    {
      "identity" : "swift-log",
      "kind" : "remoteSourceControl",
      "location" : "https://github.com/apple/swift-log",
      "state" : {
        "revision" : "ce592ae52f982c847a4efc0dd881cc9eb32d29f2",
        "version" : "1.6.4"
      }
    },
    {
      "identity" : "swift-markdown",
      "kind" : "remoteSourceControl",
      "location" : "https://github.com/swiftlang/swift-markdown.git",
      "state" : {
        "revision" : "ea79e83c8744d2b50b0dc2d5bbd1e857e1253bf9",
        "version" : "0.6.0"
      }
    },
    {
      "identity" : "swift-metrics",
      "kind" : "remoteSourceControl",
      "location" : "https://github.com/apple/swift-metrics.git",
      "state" : {
        "revision" : "4c83e1cdf4ba538ef6e43a9bbd0bcc33a0ca46e3",
        "version" : "2.7.0"
      }
    },
    {
      "identity" : "swift-nio",
      "kind" : "remoteSourceControl",
      "location" : "https://github.com/apple/swift-nio.git",
      "state" : {
        "revision" : "a5fea865badcb1c993c85b0f0e8d05a4bd2270fb",
        "version" : "2.85.0"
      }
    },
    {
      "identity" : "swift-nio-extras",
      "kind" : "remoteSourceControl",
      "location" : "https://github.com/apple/swift-nio-extras.git",
      "state" : {
        "revision" : "a55c3dd3a81d035af8a20ce5718889c0dcab073d",
        "version" : "1.29.0"
      }
    },
    {
      "identity" : "swift-nio-http2",
      "kind" : "remoteSourceControl",
      "location" : "https://github.com/apple/swift-nio-http2.git",
      "state" : {
        "revision" : "5e9e99ec96c53bc2c18ddd10c1e25a3cd97c55e5",
        "version" : "1.38.0"
      }
    },
    {
      "identity" : "swift-nio-ssl",
      "kind" : "remoteSourceControl",
      "location" : "https://github.com/apple/swift-nio-ssl.git",
      "state" : {
        "revision" : "385f5bd783ffbfff46b246a7db7be8e4f04c53bd",
        "version" : "2.33.0"
      }
    },
    {
      "identity" : "swift-nio-transport-services",
      "kind" : "remoteSourceControl",
      "location" : "https://github.com/apple/swift-nio-transport-services.git",
      "state" : {
        "revision" : "decfd235996bc163b44e10b8a24997a3d2104b90",
        "version" : "1.25.0"
      }
    },
    {
      "identity" : "swift-numerics",
      "kind" : "remoteSourceControl",
      "location" : "https://github.com/apple/swift-numerics.git",
      "state" : {
        "revision" : "e0ec0f5f3af6f3e4d5e7a19d2af26b481acb6ba8",
        "version" : "1.0.3"
      }
    },
    {
      "identity" : "swift-parsing",
      "kind" : "remoteSourceControl",
      "location" : "https://github.com/pointfreeco/swift-parsing.git",
      "state" : {
        "revision" : "3432cb81164dd3d69a75d0d63205be5fbae2c34b",
        "version" : "0.14.1"
      }
    },
    {
      "identity" : "swift-password-validation",
      "kind" : "remoteSourceControl",
      "location" : "https://github.com/coenttb/swift-password-validation.git",
      "state" : {
        "revision" : "350c846e1aca8cedaf06534c34ab4a3f5db75eea",
        "version" : "0.0.1"
      }
    },
    {
      "identity" : "swift-ratelimiter",
      "kind" : "remoteSourceControl",
      "location" : "https://github.com/coenttb/swift-ratelimiter",
      "state" : {
        "revision" : "186e55b79ba4186448947b00baaed342e27e6e21",
        "version" : "0.0.2"
      }
    },
    {
      "identity" : "swift-rfc-1035",
      "kind" : "remoteSourceControl",
      "location" : "https://github.com/swift-web-standards/swift-rfc-1035",
      "state" : {
        "revision" : "95e9ca2e3f3ec303978e8cd18013e02b7d0f8a62",
        "version" : "0.0.1"
      }
    },
    {
      "identity" : "swift-rfc-1123",
      "kind" : "remoteSourceControl",
      "location" : "https://github.com/swift-web-standards/swift-rfc-1123",
      "state" : {
        "revision" : "97b8decb5fdfc02177faa5965a95606e36373388",
        "version" : "0.0.1"
      }
    },
    {
      "identity" : "swift-rfc-2822",
      "kind" : "remoteSourceControl",
      "location" : "https://github.com/swift-web-standards/swift-rfc-2822.git",
      "state" : {
        "revision" : "36aeec2d3a42cb2fab5aa94df905bcb280bef45b",
        "version" : "0.0.1"
      }
    },
    {
      "identity" : "swift-rfc-5321",
      "kind" : "remoteSourceControl",
      "location" : "https://github.com/swift-web-standards/swift-rfc-5321",
      "state" : {
        "revision" : "449d9291d1d2f6dcd6793c7d4ea855db1e7b062d",
        "version" : "0.0.1"
      }
    },
    {
      "identity" : "swift-rfc-5322",
      "kind" : "remoteSourceControl",
      "location" : "https://github.com/swift-web-standards/swift-rfc-5322",
      "state" : {
        "revision" : "0d648876050103ce8e005f545f02c1f29724e9e5",
        "version" : "0.0.1"
      }
    },
    {
      "identity" : "swift-rfc-6531",
      "kind" : "remoteSourceControl",
      "location" : "https://github.com/swift-web-standards/swift-rfc-6531",
      "state" : {
        "revision" : "af0fb8259f03e5c34955ecf62c0c95cb61019907",
        "version" : "0.0.1"
      }
    },
    {
      "identity" : "swift-rfc-6750",
      "kind" : "remoteSourceControl",
      "location" : "https://github.com/swift-web-standards/swift-rfc-6750",
      "state" : {
        "revision" : "1a2ab22218ba3756f964e76d2a49ddf2e01a0da7",
        "version" : "0.0.1"
      }
    },
    {
      "identity" : "swift-rfc-7519",
      "kind" : "remoteSourceControl",
      "location" : "https://github.com/swift-web-standards/swift-rfc-7519.git",
      "state" : {
        "revision" : "7181bfabaa7edfad1286b22d007d668349252a66",
        "version" : "0.0.1"
      }
    },
    {
      "identity" : "swift-rfc-7617",
      "kind" : "remoteSourceControl",
      "location" : "https://github.com/swift-web-standards/swift-rfc-7617",
      "state" : {
        "revision" : "23bb12d6dadc06090473013ee2f289b63ca4b14b",
        "version" : "0.0.1"
      }
    },
    {
      "identity" : "swift-server-foundation",
      "kind" : "remoteSourceControl",
      "location" : "https://github.com/coenttb/swift-server-foundation",
      "state" : {
        "branch" : "main",
        "revision" : "1ae7c289ef29028a5a38943ec972dc6a23e0a64b"
      }
    },
    {
      "identity" : "swift-service-lifecycle",
      "kind" : "remoteSourceControl",
      "location" : "https://github.com/swift-server/swift-service-lifecycle.git",
      "state" : {
        "revision" : "e7187309187695115033536e8fc9b2eb87fd956d",
        "version" : "2.8.0"
      }
    },
    {
      "identity" : "swift-sitemap",
      "kind" : "remoteSourceControl",
      "location" : "https://github.com/coenttb/swift-sitemap",
      "state" : {
        "revision" : "216a4502300e6b87361247a321845ce33d5a48f8",
        "version" : "0.0.1"
      }
    },
    {
      "identity" : "swift-snapshot-testing",
      "kind" : "remoteSourceControl",
      "location" : "https://github.com/pointfreeco/swift-snapshot-testing.git",
      "state" : {
        "revision" : "d7e40607dcd6bc26543f5d9433103f06e0b28f8f",
        "version" : "1.18.6"
      }
    },
    {
      "identity" : "swift-syntax",
      "kind" : "remoteSourceControl",
      "location" : "https://github.com/swiftlang/swift-syntax",
      "state" : {
        "revision" : "f99ae8aa18f0cf0d53481901f88a0991dc3bd4a2",
        "version" : "601.0.1"
      }
    },
    {
      "identity" : "swift-system",
      "kind" : "remoteSourceControl",
      "location" : "https://github.com/apple/swift-system.git",
      "state" : {
        "revision" : "b63d24d465e237966c3f59f47dcac6c70fb0bca3",
        "version" : "1.6.1"
      }
    },
    {
      "identity" : "swift-tagged",
      "kind" : "remoteSourceControl",
      "location" : "https://github.com/pointfreeco/swift-tagged",
      "state" : {
        "branch" : "main",
        "revision" : "7061233809f745e2ba6c3e8c6f984a8f36257226"
      }
    },
    {
      "identity" : "swift-translating",
      "kind" : "remoteSourceControl",
      "location" : "https://github.com/coenttb/swift-translating",
      "state" : {
        "revision" : "4785e9fc33fd6722f6301e03938301e8c83d9f20",
        "version" : "0.2.0"
      }
    },
    {
      "identity" : "swift-url-form-coding",
      "kind" : "remoteSourceControl",
      "location" : "https://github.com/coenttb/swift-url-form-coding",
      "state" : {
        "revision" : "589ac3b05431a6aaf7d3dd74fe1004aa1110b93f",
        "version" : "0.0.2"
      }
    },
    {
      "identity" : "swift-url-form-coding-url-routing",
      "kind" : "remoteSourceControl",
      "location" : "https://github.com/coenttb/swift-url-form-coding-url-routing",
      "state" : {
        "revision" : "8fe440ed758ab8a365010148b96de4585403f1e7",
        "version" : "0.0.2"
      }
    },
    {
      "identity" : "swift-url-multipart-form-coding-url-routing",
      "kind" : "remoteSourceControl",
      "location" : "https://github.com/coenttb/swift-url-multipart-form-coding-url-routing",
      "state" : {
        "revision" : "2b7ff8289c5fec9847358dc1b32d2db7ebe6cfcd",
        "version" : "0.1.1"
      }
    },
    {
      "identity" : "swift-url-routing",
      "kind" : "remoteSourceControl",
      "location" : "https://github.com/pointfreeco/swift-url-routing",
      "state" : {
        "revision" : "1cfd564259ecb1d324bb718a8f03e513dab738d2",
        "version" : "0.6.2"
      }
    },
    {
      "identity" : "swift-url-routing-translating",
      "kind" : "remoteSourceControl",
      "location" : "https://github.com/coenttb/swift-url-routing-translating",
      "state" : {
        "revision" : "c40c9cfa7aab37be56c4aa9d98a43c878f5534b0",
        "version" : "0.0.1"
      }
    },
    {
      "identity" : "swift-web-foundation",
      "kind" : "remoteSourceControl",
      "location" : "https://github.com/coenttb/swift-web-foundation",
      "state" : {
        "branch" : "main",
        "revision" : "ee961d5e7d035cfc003494c162665c3dd968b98e"
      }
    },
    {
      "identity" : "xctest-dynamic-overlay",
      "kind" : "remoteSourceControl",
      "location" : "https://github.com/pointfreeco/xctest-dynamic-overlay",
      "state" : {
        "revision" : "23e3442166b5122f73f9e3e622cd1e4bafeab3b7",
        "version" : "1.6.0"
      }
    }
  ],
  "version" : 3
}
